{
  "name": "serial_shim",
  "version": "0.0.11",
  "lockfileVersion": 2,
  "requires": true,
  "packages": {
    "": {
      "name": "serial_shim",
      "version": "0.0.11",
      "license": "ISC",
      "dependencies": {
        "@annex4/hooks": "^1.0.3",
        "@annex4/logger": "^1.0.0"
      },
      "devDependencies": {
        "@annex4/test.control4": "^1.1.4"
      }
    },
    "node_modules/@annex4/hooks": {
      "version": "1.0.3",
      "resolved": "https://npm.pkg.github.com/download/@annex4/hooks/1.0.3/26bb0116d3b98f49d31231ecb55ceade8d5bed89",
      "integrity": "sha512-XotLX5w07wMAeuqf/ZgiQdGPa5hJLS/i4rNhYpcf+aqwAmqilSyN/rDd3Q6wvMWiiPALOF6RTtIoOGJtQkZf1g==",
      "license": "ISC"
    },
    "node_modules/@annex4/logger": {
      "version": "1.0.0",
      "resolved": "https://npm.pkg.github.com/download/@annex4/logger/1.0.0/a447831e0963a8771f02d551494c28c7057d770a",
      "integrity": "sha512-wCr6FaGTgKuPY5dnqrArIIUvfHtsVtfDkj3xFEozMxKNZ0kJYVq4RJESFQLgzeQyFlFSvVKCAfvuYD/U1Vdh0g==",
      "license": "ISC",
      "dependencies": {
        "@annex4/timer": "^1.0.0"
      }
    },
    "node_modules/@annex4/test.control4": {
      "version": "1.1.4",
      "resolved": "https://npm.pkg.github.com/download/@annex4/test.control4/1.1.4/ee89ecc6564060cb3b6e20b467c2acb45d30d539",
      "integrity": "sha512-GijlKusF2PFX04cIHVLmbqY1R+YYOLL7AgQxYv3km6AeIHw2wuW+jV6TwxSOSQfk+hmAZW6HRSnclO2dMANe9w==",
      "dev": true,
      "license": "ISC"
    },
    "node_modules/@annex4/timer": {
      "version": "1.0.0",
      "resolved": "https://npm.pkg.github.com/download/@annex4/timer/1.0.0/a6ba1fa80ac02d6dcd71bf2c509b2210d7dbf488",
      "integrity": "sha512-oNrxzn51y7TpukJVGqY3KIAqRg+eCIl1SabslMGSoNAzKz1jx8aGoW9gSrygpKwPcSZHOpTNCksVT0o9iJMAkw==",
      "license": "ISC",
      "dependencies": {
        "@annex4/hooks": "^1.0.3"
      }
    }
  },
  "dependencies": {
    "@annex4/hooks": {
      "version": "1.0.3",
      "resolved": "https://npm.pkg.github.com/download/@annex4/hooks/1.0.3/26bb0116d3b98f49d31231ecb55ceade8d5bed89",
      "integrity": "sha512-XotLX5w07wMAeuqf/ZgiQdGPa5hJLS/i4rNhYpcf+aqwAmqilSyN/rDd3Q6wvMWiiPALOF6RTtIoOGJtQkZf1g=="
    },
    "@annex4/logger": {
      "version": "1.0.0",
      "resolved": "https://npm.pkg.github.com/download/@annex4/logger/1.0.0/a447831e0963a8771f02d551494c28c7057d770a",
      "integrity": "sha512-wCr6FaGTgKuPY5dnqrArIIUvfHtsVtfDkj3xFEozMxKNZ0kJYVq4RJESFQLgzeQyFlFSvVKCAfvuYD/U1Vdh0g==",
      "requires": {
        "@annex4/timer": "^1.0.0"
      }
    },
    "@annex4/test.control4": {
      "version": "1.1.4",
      "resolved": "https://npm.pkg.github.com/download/@annex4/test.control4/1.1.4/ee89ecc6564060cb3b6e20b467c2acb45d30d539",
      "integrity": "sha512-GijlKusF2PFX04cIHVLmbqY1R+YYOLL7AgQxYv3km6AeIHw2wuW+jV6TwxSOSQfk+hmAZW6HRSnclO2dMANe9w==",
      "dev": true
    },
    "@annex4/timer": {
      "version": "1.0.0",
      "resolved": "https://npm.pkg.github.com/download/@annex4/timer/1.0.0/a6ba1fa80ac02d6dcd71bf2c509b2210d7dbf488",
      "integrity": "sha512-oNrxzn51y7TpukJVGqY3KIAqRg+eCIl1SabslMGSoNAzKz1jx8aGoW9gSrygpKwPcSZHOpTNCksVT0o9iJMAkw==",
      "requires": {
        "@annex4/hooks": "^1.0.3"
      }
    }
  }
}
